
Microsoft Visual Studio Solution File, Format Version 12.00
# Visual Studio Version 17
VisualStudioVersion = 17.1.32319.34
MinimumVisualStudioVersion = 10.0.40219.1
Project("{FAE04EC0-301F-11D3-BF4B-00C04F79EFBC}") = "demo.clamSofware", "demo.clamSofware\demo.clamSofware.csproj", "{AAF1E52C-76DD-497E-938E-61EEBF2E2BAE}"
EndProject
Global
	GlobalSection(SolutionConfigurationPlatforms) = preSolution
		Debug|Any CPU = Debug|Any CPU
		Release|Any CPU = Release|Any CPU
	EndGlobalSection
	GlobalSection(ProjectConfigurationPlatforms) = postSolution
		{AAF1E52C-76DD-497E-938E-61EEBF2E2BAE}.Debug|Any CPU.ActiveCfg = Debug|Any CPU
		{AAF1E52C-76DD-497E-938E-61EEBF2E2BAE}.Debug|Any CPU.Build.0 = Debug|Any CPU
		{AAF1E52C-76DD-497E-938E-61EEBF2E2BAE}.Release|Any CPU.ActiveCfg = Release|Any CPU
		{AAF1E52C-76DD-497E-938E-61EEBF2E2BAE}.Release|Any CPU.Build.0 = Release|Any CPU
	EndGlobalSection
	GlobalSection(SolutionProperties) = preSolution
		HideSolutionNode = FALSE
	EndGlobalSection
	GlobalSection(ExtensibilityGlobals) = postSolution
		SolutionGuid = {6CCC28C5-E15B-42D1-ACBE-E49CBD0ACB29}
	EndGlobalSection
EndGlobal
